
Microsoft Visual Studio Solution File, Format Version 12.00
# Visual Studio Version 16
VisualStudioVersion = 16.0.30225.117
MinimumVisualStudioVersion = 10.0.40219.1
Project("{FAE04EC0-301F-11D3-BF4B-00C04F79EFBC}") = "AppBlocker", "AppBlocker\AppBlocker.csproj", "{B5003D2A-9942-4B70-A26C-D725C9A53D19}"
EndProject
Global
	GlobalSection(SolutionConfigurationPlatforms) = preSolution
		Debug|Any CPU = Debug|Any CPU
		Release|Any CPU = Release|Any CPU
	EndGlobalSection
	GlobalSection(ProjectConfigurationPlatforms) = postSolution
		{B5003D2A-9942-4B70-A26C-D725C9A53D19}.Debug|Any CPU.ActiveCfg = Debug|Any CPU
		{B5003D2A-9942-4B70-A26C-D725C9A53D19}.Debug|Any CPU.Build.0 = Debug|Any CPU
		{B5003D2A-9942-4B70-A26C-D725C9A53D19}.Release|Any CPU.ActiveCfg = Release|Any CPU
		{B5003D2A-9942-4B70-A26C-D725C9A53D19}.Release|Any CPU.Build.0 = Release|Any CPU
	EndGlobalSection
	GlobalSection(SolutionProperties) = preSolution
		HideSolutionNode = FALSE
	EndGlobalSection
	GlobalSection(ExtensibilityGlobals) = postSolution
		SolutionGuid = {AB4A3046-E004-41A3-9443-D25C3AB966AB}
	EndGlobalSection
EndGlobal
